# THIS IS AN AUTOGENERATED FILE. DO NOT EDIT THIS FILE DIRECTLY.
# yarn lockfile v1


"@bjorn3/browser_wasi_shim@^0.2.17":
  version "0.2.17"
  resolved "https://registry.yarnpkg.com/@bjorn3/browser_wasi_shim/-/browser_wasi_shim-0.2.17.tgz#82f34df431c22302684a4cf90a523aa29d58b42b"
  integrity sha512-B2qcaGROo4e2s4nXb3VPATrczVrntM4BUXtAU1gEzUOfqKTcVuePq4NfhH5hmLBSvZ45YcT4gflDRUFYqLhkxA==

"@camertron/yarv-js@link:..":
  version "0.0.0"
  uid ""

"@esbuild/aix-ppc64@0.19.11":
  version "0.19.11"
  resolved "https://registry.yarnpkg.com/@esbuild/aix-ppc64/-/aix-ppc64-0.19.11.tgz#2acd20be6d4f0458bc8c784103495ff24f13b1d3"
  integrity sha512-FnzU0LyE3ySQk7UntJO4+qIiQgI7KoODnZg5xzXIrFJlKd2P2gwHsHY4927xj9y5PJmJSzULiUCWmv7iWnNa7g==

"@esbuild/android-arm64@0.19.11":
  version "0.19.11"
  resolved "https://registry.yarnpkg.com/@esbuild/android-arm64/-/android-arm64-0.19.11.tgz#b45d000017385c9051a4f03e17078abb935be220"
  integrity sha512-aiu7K/5JnLj//KOnOfEZ0D90obUkRzDMyqd/wNAUQ34m4YUPVhRZpnqKV9uqDGxT7cToSDnIHsGooyIczu9T+Q==

"@esbuild/android-arm@0.19.11":
  version "0.19.11"
  resolved "https://registry.yarnpkg.com/@esbuild/android-arm/-/android-arm-0.19.11.tgz#f46f55414e1c3614ac682b29977792131238164c"
  integrity sha512-5OVapq0ClabvKvQ58Bws8+wkLCV+Rxg7tUVbo9xu034Nm536QTII4YzhaFriQ7rMrorfnFKUsArD2lqKbFY4vw==

"@esbuild/android-x64@0.19.11":
  version "0.19.11"
  resolved "https://registry.yarnpkg.com/@esbuild/android-x64/-/android-x64-0.19.11.tgz#bfc01e91740b82011ef503c48f548950824922b2"
  integrity sha512-eccxjlfGw43WYoY9QgB82SgGgDbibcqyDTlk3l3C0jOVHKxrjdc9CTwDUQd0vkvYg5um0OH+GpxYvp39r+IPOg==

"@esbuild/darwin-arm64@0.19.11":
  version "0.19.11"
  resolved "https://registry.yarnpkg.com/@esbuild/darwin-arm64/-/darwin-arm64-0.19.11.tgz#533fb7f5a08c37121d82c66198263dcc1bed29bf"
  integrity sha512-ETp87DRWuSt9KdDVkqSoKoLFHYTrkyz2+65fj9nfXsaV3bMhTCjtQfw3y+um88vGRKRiF7erPrh/ZuIdLUIVxQ==

"@esbuild/darwin-x64@0.19.11":
  version "0.19.11"
  resolved "https://registry.yarnpkg.com/@esbuild/darwin-x64/-/darwin-x64-0.19.11.tgz#62f3819eff7e4ddc656b7c6815a31cf9a1e7d98e"
  integrity sha512-fkFUiS6IUK9WYUO/+22omwetaSNl5/A8giXvQlcinLIjVkxwTLSktbF5f/kJMftM2MJp9+fXqZ5ezS7+SALp4g==

"@esbuild/freebsd-arm64@0.19.11":
  version "0.19.11"
  resolved "https://registry.yarnpkg.com/@esbuild/freebsd-arm64/-/freebsd-arm64-0.19.11.tgz#d478b4195aa3ca44160272dab85ef8baf4175b4a"
  integrity sha512-lhoSp5K6bxKRNdXUtHoNc5HhbXVCS8V0iZmDvyWvYq9S5WSfTIHU2UGjcGt7UeS6iEYp9eeymIl5mJBn0yiuxA==

"@esbuild/freebsd-x64@0.19.11":
  version "0.19.11"
  resolved "https://registry.yarnpkg.com/@esbuild/freebsd-x64/-/freebsd-x64-0.19.11.tgz#7bdcc1917409178257ca6a1a27fe06e797ec18a2"
  integrity sha512-JkUqn44AffGXitVI6/AbQdoYAq0TEullFdqcMY/PCUZ36xJ9ZJRtQabzMA+Vi7r78+25ZIBosLTOKnUXBSi1Kw==

"@esbuild/linux-arm64@0.19.11":
  version "0.19.11"
  resolved "https://registry.yarnpkg.com/@esbuild/linux-arm64/-/linux-arm64-0.19.11.tgz#58ad4ff11685fcc735d7ff4ca759ab18fcfe4545"
  integrity sha512-LneLg3ypEeveBSMuoa0kwMpCGmpu8XQUh+mL8XXwoYZ6Be2qBnVtcDI5azSvh7vioMDhoJFZzp9GWp9IWpYoUg==

"@esbuild/linux-arm@0.19.11":
  version "0.19.11"
  resolved "https://registry.yarnpkg.com/@esbuild/linux-arm/-/linux-arm-0.19.11.tgz#ce82246d873b5534d34de1e5c1b33026f35e60e3"
  integrity sha512-3CRkr9+vCV2XJbjwgzjPtO8T0SZUmRZla+UL1jw+XqHZPkPgZiyWvbDvl9rqAN8Zl7qJF0O/9ycMtjU67HN9/Q==

"@esbuild/linux-ia32@0.19.11":
  version "0.19.11"
  resolved "https://registry.yarnpkg.com/@esbuild/linux-ia32/-/linux-ia32-0.19.11.tgz#cbae1f313209affc74b80f4390c4c35c6ab83fa4"
  integrity sha512-caHy++CsD8Bgq2V5CodbJjFPEiDPq8JJmBdeyZ8GWVQMjRD0sU548nNdwPNvKjVpamYYVL40AORekgfIubwHoA==

"@esbuild/linux-loong64@0.19.11":
  version "0.19.11"
  resolved "https://registry.yarnpkg.com/@esbuild/linux-loong64/-/linux-loong64-0.19.11.tgz#5f32aead1c3ec8f4cccdb7ed08b166224d4e9121"
  integrity sha512-ppZSSLVpPrwHccvC6nQVZaSHlFsvCQyjnvirnVjbKSHuE5N24Yl8F3UwYUUR1UEPaFObGD2tSvVKbvR+uT1Nrg==

"@esbuild/linux-mips64el@0.19.11":
  version "0.19.11"
  resolved "https://registry.yarnpkg.com/@esbuild/linux-mips64el/-/linux-mips64el-0.19.11.tgz#38eecf1cbb8c36a616261de858b3c10d03419af9"
  integrity sha512-B5x9j0OgjG+v1dF2DkH34lr+7Gmv0kzX6/V0afF41FkPMMqaQ77pH7CrhWeR22aEeHKaeZVtZ6yFwlxOKPVFyg==

"@esbuild/linux-ppc64@0.19.11":
  version "0.19.11"
  resolved "https://registry.yarnpkg.com/@esbuild/linux-ppc64/-/linux-ppc64-0.19.11.tgz#9c5725a94e6ec15b93195e5a6afb821628afd912"
  integrity sha512-MHrZYLeCG8vXblMetWyttkdVRjQlQUb/oMgBNurVEnhj4YWOr4G5lmBfZjHYQHHN0g6yDmCAQRR8MUHldvvRDA==

"@esbuild/linux-riscv64@0.19.11":
  version "0.19.11"
  resolved "https://registry.yarnpkg.com/@esbuild/linux-riscv64/-/linux-riscv64-0.19.11.tgz#2dc4486d474a2a62bbe5870522a9a600e2acb916"
  integrity sha512-f3DY++t94uVg141dozDu4CCUkYW+09rWtaWfnb3bqe4w5NqmZd6nPVBm+qbz7WaHZCoqXqHz5p6CM6qv3qnSSQ==

"@esbuild/linux-s390x@0.19.11":
  version "0.19.11"
  resolved "https://registry.yarnpkg.com/@esbuild/linux-s390x/-/linux-s390x-0.19.11.tgz#4ad8567df48f7dd4c71ec5b1753b6f37561a65a8"
  integrity sha512-A5xdUoyWJHMMlcSMcPGVLzYzpcY8QP1RtYzX5/bS4dvjBGVxdhuiYyFwp7z74ocV7WDc0n1harxmpq2ePOjI0Q==

"@esbuild/linux-x64@0.19.11":
  version "0.19.11"
  resolved "https://registry.yarnpkg.com/@esbuild/linux-x64/-/linux-x64-0.19.11.tgz#b7390c4d5184f203ebe7ddaedf073df82a658766"
  integrity sha512-grbyMlVCvJSfxFQUndw5mCtWs5LO1gUlwP4CDi4iJBbVpZcqLVT29FxgGuBJGSzyOxotFG4LoO5X+M1350zmPA==

"@esbuild/netbsd-x64@0.19.11":
  version "0.19.11"
  resolved "https://registry.yarnpkg.com/@esbuild/netbsd-x64/-/netbsd-x64-0.19.11.tgz#d633c09492a1721377f3bccedb2d821b911e813d"
  integrity sha512-13jvrQZJc3P230OhU8xgwUnDeuC/9egsjTkXN49b3GcS5BKvJqZn86aGM8W9pd14Kd+u7HuFBMVtrNGhh6fHEQ==

"@esbuild/openbsd-x64@0.19.11":
  version "0.19.11"
  resolved "https://registry.yarnpkg.com/@esbuild/openbsd-x64/-/openbsd-x64-0.19.11.tgz#17388c76e2f01125bf831a68c03a7ffccb65d1a2"
  integrity sha512-ysyOGZuTp6SNKPE11INDUeFVVQFrhcNDVUgSQVDzqsqX38DjhPEPATpid04LCoUr2WXhQTEZ8ct/EgJCUDpyNw==

"@esbuild/sunos-x64@0.19.11":
  version "0.19.11"
  resolved "https://registry.yarnpkg.com/@esbuild/sunos-x64/-/sunos-x64-0.19.11.tgz#e320636f00bb9f4fdf3a80e548cb743370d41767"
  integrity sha512-Hf+Sad9nVwvtxy4DXCZQqLpgmRTQqyFyhT3bZ4F2XlJCjxGmRFF0Shwn9rzhOYRB61w9VMXUkxlBy56dk9JJiQ==

"@esbuild/win32-arm64@0.19.11":
  version "0.19.11"
  resolved "https://registry.yarnpkg.com/@esbuild/win32-arm64/-/win32-arm64-0.19.11.tgz#c778b45a496e90b6fc373e2a2bb072f1441fe0ee"
  integrity sha512-0P58Sbi0LctOMOQbpEOvOL44Ne0sqbS0XWHMvvrg6NE5jQ1xguCSSw9jQeUk2lfrXYsKDdOe6K+oZiwKPilYPQ==

"@esbuild/win32-ia32@0.19.11":
  version "0.19.11"
  resolved "https://registry.yarnpkg.com/@esbuild/win32-ia32/-/win32-ia32-0.19.11.tgz#481a65fee2e5cce74ec44823e6b09ecedcc5194c"
  integrity sha512-6YOrWS+sDJDmshdBIQU+Uoyh7pQKrdykdefC1avn76ss5c+RN6gut3LZA4E2cH5xUEp5/cA0+YxRaVtRAb0xBg==

"@esbuild/win32-x64@0.19.11":
  version "0.19.11"
  resolved "https://registry.yarnpkg.com/@esbuild/win32-x64/-/win32-x64-0.19.11.tgz#a5d300008960bb39677c46bf16f53ec70d8dee04"
  integrity sha512-vfkhltrjCAb603XaFhqhAF4LGDi2M4OrCRrFusyQ+iTLQ/o60QQXxc9cZC/FFpihBI9N1Grn6SMKVJ4KP7Fuiw==

"@github/auto-check-element@^5.2.0":
  version "5.4.1"
  resolved "https://registry.yarnpkg.com/@github/auto-check-element/-/auto-check-element-5.4.1.tgz#f2b56a26fa538448ec93a851c95f8dbe2cef6851"
  integrity sha512-AJeHV1ifpby5Hp2wJIzcsdIB5YAq869F7ilNv2GygTVpHOSCfYSS29/hJ5GGTLgfKpPRgTmJcMi5OetKR8eH1g==
  dependencies:
    "@github/mini-throttle" "^2.1.0"

"@github/auto-complete-element@^3.3.4":
  version "3.6.0"
  resolved "https://registry.yarnpkg.com/@github/auto-complete-element/-/auto-complete-element-3.6.0.tgz#221683cf7bd6290172931188b44339e2c3313393"
  integrity sha512-u8fG8nCosSFv2wlKMsGga+FaFu/jkexZVFIDxLiCyLVTB8zRRu/RJyufzNnmbOZHYBezCMNBgJ0quuEBoyRh9Q==
  dependencies:
    "@github/combobox-nav" "^2.1.7"

"@github/catalyst@^1.6.0":
  version "1.6.0"
  resolved "https://registry.yarnpkg.com/@github/catalyst/-/catalyst-1.6.0.tgz#378734d1d2b6a85af169d7e66c1a2a604bf1e82c"
  integrity sha512-u8A+DameixqpeyHzvnJWTGj+wfiskQOYHzSiJscCWVfMkIT3rxnbHMtGh3lMthaRY21nbUOK71WcsCnCrXhBJQ==

"@github/clipboard-copy-element@^1.3.0":
  version "1.3.0"
  resolved "https://registry.yarnpkg.com/@github/clipboard-copy-element/-/clipboard-copy-element-1.3.0.tgz#d518d2aadb677c5c9560a54d7fd4b0d3abf00a9b"
  integrity sha512-wyntkQkwoLbLo+Hqg2LIVMXDIzcvUb9bSDz+clX6nVJItwzh103rHxdXFRZD+DmxVbuEW5xSznYQXkz1jZT+xg==

"@github/combobox-nav@^2.1.7":
  version "2.3.1"
  resolved "https://registry.yarnpkg.com/@github/combobox-nav/-/combobox-nav-2.3.1.tgz#76da4c47f1e33af56392c5c9cf661a28d5b4168e"
  integrity sha512-gwxPzLw8XKecy1nP63i9lOBritS3bWmxl02UX6G0TwMQZbMem1BCS1tEZgYd3mkrkiDrUMWaX+DbFCuDFo3K+A==

"@github/details-menu-element@^1.0.12":
  version "1.0.13"
  resolved "https://registry.yarnpkg.com/@github/details-menu-element/-/details-menu-element-1.0.13.tgz#d62263077b16bc7edc386e7b23f0ce41af1301b4"
  integrity sha512-gMkii86w/oUP5dq8yOWZn1sgbgtFj3AYETxxtpsqRggZktgd8te4+npAn4Hm+936c/lxmEzXqfjARL/CzGR4+w==

"@github/image-crop-element@^5.0.0":
  version "5.0.0"
  resolved "https://registry.yarnpkg.com/@github/image-crop-element/-/image-crop-element-5.0.0.tgz#6ae2c31f1e7dc355c41c3140554fb76ca7a71ef7"
  integrity sha512-Vgm2OwWAs1ESoib/t5sjxsAYo6YTOxxAjWDRxswX7qrqoyCejTZ3hshdo4Ep5e+Mz/GVTZC3rdMtg06dk/eT4g==

"@github/include-fragment-element@^6.1.1":
  version "6.3.0"
  resolved "https://registry.yarnpkg.com/@github/include-fragment-element/-/include-fragment-element-6.3.0.tgz#c93d6252b14f7c190af4ccd9d61884185a612492"
  integrity sha512-BJTt8ZE/arsbC9lQtTH8c1hZS0ZigiN+kzH54ffQ6MhHLT83h0OpSdS9NEVocPl2uuO6w3qxnEKTDzUGMQ5rdQ==

"@github/mini-throttle@^2.1.0":
  version "2.1.1"
  resolved "https://registry.yarnpkg.com/@github/mini-throttle/-/mini-throttle-2.1.1.tgz#c66db5c3b857aaf8c467de2528cd92f36f542ac5"
  integrity sha512-KtOPaB+FiKJ6jcKm9UKyaM5fPURHGf+xcp+b4Mzoi81hOc6M1sIGpMZMAVbNzfa2lW5+RPGKq888Px0j76OZ/A==

"@github/relative-time-element@^4.0.0":
  version "4.3.0"
  resolved "https://registry.yarnpkg.com/@github/relative-time-element/-/relative-time-element-4.3.0.tgz#3cb90ffbbe9a82c7242bdd9d54f2d74d555547cf"
  integrity sha512-+tFjX9//HRS1HnBa5cNgfEtE52arwiutYg1TOF+Trk40SPxst9Q8Rtc3BKD6aKsvfbtub68vfhipgchGjj9o7g==

"@github/tab-container-element@^3.1.2":
  version "3.3.0"
  resolved "https://registry.yarnpkg.com/@github/tab-container-element/-/tab-container-element-3.3.0.tgz#e7ab0e58dbd4ecca06fb1fca9b1612ac605b3ccb"
  integrity sha512-vHlN/GXgaJFJhh4oUYRh1pc4RAqduKlQOrEjVgSxR4JhLXsQcZ/hKWfCsRZAuZbSPzUGEYvggdieamS4FRSe4g==

"@gongt/kexec@^3.0.0":
  version "3.0.0"
  resolved "https://registry.yarnpkg.com/@gongt/kexec/-/kexec-3.0.0.tgz#5d8760bb842f946aeedc76429062a023d54b63bd"
  integrity sha512-HoNnINhgeWsDrfqUtf5g7CDNWJpVcOhtKKeG4jVaf3sHeF5usFpGdLQlMbNA50oTKiS0n9CMOxh9On/1uvVvMw==
  dependencies:
    nan "^2.13.2"

"@gytx/xterm-local-echo@^0.1.8":
  version "0.1.8"
  resolved "https://registry.yarnpkg.com/@gytx/xterm-local-echo/-/xterm-local-echo-0.1.8.tgz#c93dc00d8d9ab5072cb4aef3880f21493ac4d320"
  integrity sha512-JKq/J9fLfcP4af+FNv5zW2hzokio/0KO+iOVtuKpCXBCWsShV74n5bZhU8/KiuHquAq7emVHxFCapSZftqrZVg==

"@hotwired/stimulus@^3.2.2":
  version "3.2.2"
  resolved "https://registry.yarnpkg.com/@hotwired/stimulus/-/stimulus-3.2.2.tgz#071aab59c600fed95b97939e605ff261a4251608"
  integrity sha512-eGeIqNOQpXoPAIP7tC1+1Yc1yl1xnwYqg+3mzqxyrbE5pg5YFBZcA6YoTiByJB6DKAEsiWtl6tjTJS4IYtbB7A==

"@hotwired/turbo-rails@^8.0.0-beta.2":
  version "8.0.0-beta.2"
  resolved "https://registry.yarnpkg.com/@hotwired/turbo-rails/-/turbo-rails-8.0.0-beta.2.tgz#691f8e05ad97f4c192953c4d14d5c288badb3498"
  integrity sha512-t/e2FvOrhkDOWygsxqJ/drCz74j16hfq3wobzST9qFp7wBZXbGuw0dxB7sPpC+4I9s726KKR5ZaN+D8zaaGfPg==
  dependencies:
    "@hotwired/turbo" "^8.0.0-beta.2"
    "@rails/actioncable" "^7.0"

"@hotwired/turbo@^8.0.0-beta.2":
  version "8.0.0-beta.2"
  resolved "https://registry.yarnpkg.com/@hotwired/turbo/-/turbo-8.0.0-beta.2.tgz#f9d01a0ca788ed5bf78a1746e06c3244af2b7535"
  integrity sha512-Ewdz4m+rlBXiqU8hXC9qjrA6/gaYlwUWbab8M/+/PW3KEoZ36pqvLt4l7wEXELPk699bRXVFS08mt3icJ0idfg==

"@nodelib/fs.scandir@2.1.5":
  version "2.1.5"
  resolved "https://registry.yarnpkg.com/@nodelib/fs.scandir/-/fs.scandir-2.1.5.tgz#7619c2eb21b25483f6d167548b4cfd5a7488c3d5"
  integrity sha512-vq24Bq3ym5HEQm2NKCr3yXDwjc7vTsEThRDnkp2DK9p1uqLR+DHurm/NOTo0KG7HYHU7eppKZj3MyqYuMBf62g==
  dependencies:
    "@nodelib/fs.stat" "2.0.5"
    run-parallel "^1.1.9"

"@nodelib/fs.stat@2.0.5", "@nodelib/fs.stat@^2.0.2":
  version "2.0.5"
  resolved "https://registry.yarnpkg.com/@nodelib/fs.stat/-/fs.stat-2.0.5.tgz#5bd262af94e9d25bd1e71b05deed44876a222e8b"
  integrity sha512-RkhPPp2zrqDAQA/2jNhnztcPAlv64XdhIp7a7454A5ovI7Bukxgt7MX7udwAu3zg1DcpPU0rz3VV1SeaqvY4+A==

"@nodelib/fs.walk@^1.2.3":
  version "1.2.8"
  resolved "https://registry.yarnpkg.com/@nodelib/fs.walk/-/fs.walk-1.2.8.tgz#e95737e8bb6746ddedf69c556953494f196fe69a"
  integrity sha512-oGB+UxlgWcgQkgwo8GcEGwemoTFt3FIO9ababBmaGwXIoBKZ+GTy0pP185beGg7Llih/NSHSV2XAs1lnznocSg==
  dependencies:
    "@nodelib/fs.scandir" "2.1.5"
    fastq "^1.6.0"

"@oddbird/popover-polyfill@^0.3.2":
  version "0.3.7"
  resolved "https://registry.yarnpkg.com/@oddbird/popover-polyfill/-/popover-polyfill-0.3.7.tgz#716db2c5236cf2f8d8d00c15f06c76398503f697"
  integrity sha512-WNthEIPPXnFQkumLby6yVxhyOcA/GtMnlByHwEglMO9WZckoaqidnpLp2JFzAh2RDOZxn+Xt3ffSMKId9cPjOQ==

"@primer/behaviors@^1.3.4":
  version "1.5.1"
  resolved "https://registry.yarnpkg.com/@primer/behaviors/-/behaviors-1.5.1.tgz#7557482561b1ac33b2cff162bc8be170bea7f58f"
  integrity sha512-ApPbNhiWPHscs0+rLV76sCY75IEpPvDEZq9+iQXQqU6Tv5SLdax3PmzJlUHftlQ7O/eJnLO1dTEMEwj2Yn1BLA==

"@primer/css@^21.1.1":
  version "21.1.1"
  resolved "https://registry.yarnpkg.com/@primer/css/-/css-21.1.1.tgz#8c4bdafb2f814056e588d281917eac3b1d43e27b"
  integrity sha512-1XRx8FwWxrr8SSZit2C9KxaofTi0CELKbGmHGpmYQmRIAECIa912Emp4BlAC7iQmf3Tb5oZOkke5zuAt+seDxg==
  dependencies:
    "@primer/primitives" "^7.12.0"
    "@primer/view-components" "^0.14.0"

"@primer/primitives@^7.12.0":
  version "7.15.5"
  resolved "https://registry.yarnpkg.com/@primer/primitives/-/primitives-7.15.5.tgz#7248b10b2dac3572379e6d84377c29570e436778"
  integrity sha512-tiJEMxy5hDi9a3YxgrBeJScLPUQSLuWsKDNuoXXiX7zLzejnYdxXXG3qOaNHzNyyn8TkSQkzmKx0ioaSLR2zNw==

"@primer/view-components@^0.14.0":
  version "0.14.0"
  resolved "https://registry.yarnpkg.com/@primer/view-components/-/view-components-0.14.0.tgz#fe31787a803f8e2237e3d1a87f6305f8f78144a5"
  integrity sha512-q5kctH/ujpVYYljZGWjmwZXU7s1VT70TEE6+JeIAgtohkIIMFKdlHsrzmrQ+4AwDW01Pi3maHLiIcDy3HTe1JA==
  dependencies:
    "@github/auto-check-element" "^5.2.0"
    "@github/auto-complete-element" "^3.3.4"
    "@github/catalyst" "^1.6.0"
    "@github/clipboard-copy-element" "^1.3.0"
    "@github/details-menu-element" "^1.0.12"
    "@github/image-crop-element" "^5.0.0"
    "@github/include-fragment-element" "^6.1.1"
    "@github/relative-time-element" "^4.0.0"
    "@github/tab-container-element" "^3.1.2"
    "@oddbird/popover-polyfill" "^0.3.2"
    "@primer/behaviors" "^1.3.4"

"@rails/actioncable@^7.0":
  version "7.1.2"
  resolved "https://registry.yarnpkg.com/@rails/actioncable/-/actioncable-7.1.2.tgz#d261ff4b72844f5af496671346ec478798f4ac2c"
  integrity sha512-KGziTZfbmGm8/fHOpj515xupbYU+49hsp4etfdpoDJ/CEY2bRZR0cyFcJkpK6n0t/sxOHNWY6bo9vSgXZvT7Mg==

"@rollup/rollup-android-arm-eabi@4.9.4":
  version "4.9.4"
  resolved "https://registry.yarnpkg.com/@rollup/rollup-android-arm-eabi/-/rollup-android-arm-eabi-4.9.4.tgz#b1094962742c1a0349587040bc06185e2a667c9b"
  integrity sha512-ub/SN3yWqIv5CWiAZPHVS1DloyZsJbtXmX4HxUTIpS0BHm9pW5iYBo2mIZi+hE3AeiTzHz33blwSnhdUo+9NpA==

"@rollup/rollup-android-arm64@4.9.4":
  version "4.9.4"
  resolved "https://registry.yarnpkg.com/@rollup/rollup-android-arm64/-/rollup-android-arm64-4.9.4.tgz#96eb86fb549e05b187f2ad06f51d191a23cb385a"
  integrity sha512-ehcBrOR5XTl0W0t2WxfTyHCR/3Cq2jfb+I4W+Ch8Y9b5G+vbAecVv0Fx/J1QKktOrgUYsIKxWAKgIpvw56IFNA==

"@rollup/rollup-darwin-arm64@4.9.4":
  version "4.9.4"
  resolved "https://registry.yarnpkg.com/@rollup/rollup-darwin-arm64/-/rollup-darwin-arm64-4.9.4.tgz#2456630c007cc5905cb368acb9ff9fc04b2d37be"
  integrity sha512-1fzh1lWExwSTWy8vJPnNbNM02WZDS8AW3McEOb7wW+nPChLKf3WG2aG7fhaUmfX5FKw9zhsF5+MBwArGyNM7NA==

"@rollup/rollup-darwin-x64@4.9.4":
  version "4.9.4"
  resolved "https://registry.yarnpkg.com/@rollup/rollup-darwin-x64/-/rollup-darwin-x64-4.9.4.tgz#97742214fc7dfd47a0f74efba6f5ae264e29c70c"
  integrity sha512-Gc6cukkF38RcYQ6uPdiXi70JB0f29CwcQ7+r4QpfNpQFVHXRd0DfWFidoGxjSx1DwOETM97JPz1RXL5ISSB0pA==

"@rollup/rollup-linux-arm-gnueabihf@4.9.4":
  version "4.9.4"
  resolved "https://registry.yarnpkg.com/@rollup/rollup-linux-arm-gnueabihf/-/rollup-linux-arm-gnueabihf-4.9.4.tgz#cd933e61d6f689c9cdefde424beafbd92cfe58e2"
  integrity sha512-g21RTeFzoTl8GxosHbnQZ0/JkuFIB13C3T7Y0HtKzOXmoHhewLbVTFBQZu+z5m9STH6FZ7L/oPgU4Nm5ErN2fw==

"@rollup/rollup-linux-arm64-gnu@4.9.4":
  version "4.9.4"
  resolved "https://registry.yarnpkg.com/@rollup/rollup-linux-arm64-gnu/-/rollup-linux-arm64-gnu-4.9.4.tgz#33b09bf462f1837afc1e02a1b352af6b510c78a6"
  integrity sha512-TVYVWD/SYwWzGGnbfTkrNpdE4HON46orgMNHCivlXmlsSGQOx/OHHYiQcMIOx38/GWgwr/po2LBn7wypkWw/Mg==

"@rollup/rollup-linux-arm64-musl@4.9.4":
  version "4.9.4"
  resolved "https://registry.yarnpkg.com/@rollup/rollup-linux-arm64-musl/-/rollup-linux-arm64-musl-4.9.4.tgz#50257fb248832c2308064e3764a16273b6ee4615"
  integrity sha512-XcKvuendwizYYhFxpvQ3xVpzje2HHImzg33wL9zvxtj77HvPStbSGI9czrdbfrf8DGMcNNReH9pVZv8qejAQ5A==

"@rollup/rollup-linux-riscv64-gnu@4.9.4":
  version "4.9.4"
  resolved "https://registry.yarnpkg.com/@rollup/rollup-linux-riscv64-gnu/-/rollup-linux-riscv64-gnu-4.9.4.tgz#09589e4e1a073cf56f6249b77eb6c9a8e9b613a8"
  integrity sha512-LFHS/8Q+I9YA0yVETyjonMJ3UA+DczeBd/MqNEzsGSTdNvSJa1OJZcSH8GiXLvcizgp9AlHs2walqRcqzjOi3A==

"@rollup/rollup-linux-x64-gnu@4.9.4":
  version "4.9.4"
  resolved "https://registry.yarnpkg.com/@rollup/rollup-linux-x64-gnu/-/rollup-linux-x64-gnu-4.9.4.tgz#bd312bb5b5f02e54d15488605d15cfd3f90dda7c"
  integrity sha512-dIYgo+j1+yfy81i0YVU5KnQrIJZE8ERomx17ReU4GREjGtDW4X+nvkBak2xAUpyqLs4eleDSj3RrV72fQos7zw==

"@rollup/rollup-linux-x64-musl@4.9.4":
  version "4.9.4"
  resolved "https://registry.yarnpkg.com/@rollup/rollup-linux-x64-musl/-/rollup-linux-x64-musl-4.9.4.tgz#25b3bede85d86438ce28cc642842d10d867d40e9"
  integrity sha512-RoaYxjdHQ5TPjaPrLsfKqR3pakMr3JGqZ+jZM0zP2IkDtsGa4CqYaWSfQmZVgFUCgLrTnzX+cnHS3nfl+kB6ZQ==

"@rollup/rollup-win32-arm64-msvc@4.9.4":
  version "4.9.4"
  resolved "https://registry.yarnpkg.com/@rollup/rollup-win32-arm64-msvc/-/rollup-win32-arm64-msvc-4.9.4.tgz#95957067eb107f571da1d81939f017d37b4958d3"
  integrity sha512-T8Q3XHV+Jjf5e49B4EAaLKV74BbX7/qYBRQ8Wop/+TyyU0k+vSjiLVSHNWdVd1goMjZcbhDmYZUYW5RFqkBNHQ==

"@rollup/rollup-win32-ia32-msvc@4.9.4":
  version "4.9.4"
  resolved "https://registry.yarnpkg.com/@rollup/rollup-win32-ia32-msvc/-/rollup-win32-ia32-msvc-4.9.4.tgz#71b6facad976db527863f698692c6964c0b6e10e"
  integrity sha512-z+JQ7JirDUHAsMecVydnBPWLwJjbppU+7LZjffGf+Jvrxq+dVjIE7By163Sc9DKc3ADSU50qPVw0KonBS+a+HQ==

"@rollup/rollup-win32-x64-msvc@4.9.4":
  version "4.9.4"
  resolved "https://registry.yarnpkg.com/@rollup/rollup-win32-x64-msvc/-/rollup-win32-x64-msvc-4.9.4.tgz#16295ccae354707c9bc6842906bdeaad4f3ba7a5"
  integrity sha512-LfdGXCV9rdEify1oxlN9eamvDSjv9md9ZVMAbNHA87xqIfFCxImxan9qZ8+Un54iK2nnqPlbnSi4R54ONtbWBw==

"@ruby/prism@link:../../../ruby/prism/javascript":
  version "0.0.0"
  uid ""

"@types/estree@1.0.5":
  version "1.0.5"
  resolved "https://registry.yarnpkg.com/@types/estree/-/estree-1.0.5.tgz#a6ce3e556e00fd9895dd872dd172ad0d4bd687f4"
  integrity sha512-/kYRxGDLWzHOB7q+wtSUQlFrtcdUccpfy+X+9iMBpHK8QLLhx2wIPYuS5DYtR9Wa/YlZAbIovy7qVdB1Aq6Lyw==

braces@^3.0.2:
  version "3.0.2"
  resolved "https://registry.yarnpkg.com/braces/-/braces-3.0.2.tgz#3454e1a462ee8d599e236df336cd9ea4f8afe107"
  integrity sha512-b8um+L1RzM3WDSzvhm6gIz1yfTbBt6YTlcEKAvsmqCZZFw46z626lVj9j1yEPW33H5H+lBQpZMP1k8l+78Ha0A==
  dependencies:
    fill-range "^7.0.1"

debug@^4.3, debug@^4.3.4:
  version "4.3.4"
  resolved "https://registry.yarnpkg.com/debug/-/debug-4.3.4.tgz#1319f6579357f2338d3337d2cdd4914bb5dcc865"
  integrity sha512-PRWFHuSU3eDtQJPvnNY7Jcket1j0t5OuOsFzPPzsekD52Zl8qUfFIPEiswXqIvHWGVHOgX+7G/vCNNhehwxfkQ==
  dependencies:
    ms "2.1.2"

esbuild@^0.19.3:
  version "0.19.11"
  resolved "https://registry.yarnpkg.com/esbuild/-/esbuild-0.19.11.tgz#4a02dca031e768b5556606e1b468fe72e3325d96"
  integrity sha512-HJ96Hev2hX/6i5cDVwcqiJBBtuo9+FeIJOtZ9W1kA5M6AMJRHUZlpYZ1/SbEwtO0ioNAW8rUooVpC/WehY2SfA==
  optionalDependencies:
    "@esbuild/aix-ppc64" "0.19.11"
    "@esbuild/android-arm" "0.19.11"
    "@esbuild/android-arm64" "0.19.11"
    "@esbuild/android-x64" "0.19.11"
    "@esbuild/darwin-arm64" "0.19.11"
    "@esbuild/darwin-x64" "0.19.11"
    "@esbuild/freebsd-arm64" "0.19.11"
    "@esbuild/freebsd-x64" "0.19.11"
    "@esbuild/linux-arm" "0.19.11"
    "@esbuild/linux-arm64" "0.19.11"
    "@esbuild/linux-ia32" "0.19.11"
    "@esbuild/linux-loong64" "0.19.11"
    "@esbuild/linux-mips64el" "0.19.11"
    "@esbuild/linux-ppc64" "0.19.11"
    "@esbuild/linux-riscv64" "0.19.11"
    "@esbuild/linux-s390x" "0.19.11"
    "@esbuild/linux-x64" "0.19.11"
    "@esbuild/netbsd-x64" "0.19.11"
    "@esbuild/openbsd-x64" "0.19.11"
    "@esbuild/sunos-x64" "0.19.11"
    "@esbuild/win32-arm64" "0.19.11"
    "@esbuild/win32-ia32" "0.19.11"
    "@esbuild/win32-x64" "0.19.11"

fast-glob@^3.3.2:
  version "3.3.2"
  resolved "https://registry.yarnpkg.com/fast-glob/-/fast-glob-3.3.2.tgz#a904501e57cfdd2ffcded45e99a54fef55e46129"
  integrity sha512-oX2ruAFQwf/Orj8m737Y5adxDQO0LAB7/S5MnxCdTNDd4p6BsyIVsv9JQsATbTSq8KHRpLwIHbVlUNatxd+1Ow==
  dependencies:
    "@nodelib/fs.stat" "^2.0.2"
    "@nodelib/fs.walk" "^1.2.3"
    glob-parent "^5.1.2"
    merge2 "^1.3.0"
    micromatch "^4.0.4"

fastq@^1.6.0:
  version "1.16.0"
  resolved "https://registry.yarnpkg.com/fastq/-/fastq-1.16.0.tgz#83b9a9375692db77a822df081edb6a9cf6839320"
  integrity sha512-ifCoaXsDrsdkWTtiNJX5uzHDsrck5TzfKKDcuFFTIrrc/BS076qgEIfoIy1VeZqViznfKiysPYTh/QeHtnIsYA==
  dependencies:
    reusify "^1.0.4"

fill-range@^7.0.1:
  version "7.0.1"
  resolved "https://registry.yarnpkg.com/fill-range/-/fill-range-7.0.1.tgz#1919a6a7c75fe38b2c7c77e5198535da9acdda40"
  integrity sha512-qOo9F+dMUmC2Lcb4BbVvnKJxTPjCm+RRpe4gDuGrzkL7mEVl/djYSu2OdQ2Pa302N4oqkSg9ir6jaLWJ2USVpQ==
  dependencies:
    to-regex-range "^5.0.1"

fsevents@~2.3.2, fsevents@~2.3.3:
  version "2.3.3"
  resolved "https://registry.yarnpkg.com/fsevents/-/fsevents-2.3.3.tgz#cac6407785d03675a2a5e1a5305c697b347d90d6"
  integrity sha512-5xoDfX+fL7faATnagmWPpbFtwh/R77WmMMqqHGS65C3vvB0YHrgF+B1YmZ3441tMj5n63k0212XNoJwzlhffQw==

glob-parent@^5.1.2:
  version "5.1.2"
  resolved "https://registry.yarnpkg.com/glob-parent/-/glob-parent-5.1.2.tgz#869832c58034fe68a4093c17dc15e8340d8401c4"
  integrity sha512-AOIgSQCepiJYwP3ARnGx+5VnTu2HBYdzbGP45eLw1vr3zB3vZLeyed1sC9hnbcOc9/SrMyM5RPQrkGz4aS9Zow==
  dependencies:
    is-glob "^4.0.1"

is-extglob@^2.1.1:
  version "2.1.1"
  resolved "https://registry.yarnpkg.com/is-extglob/-/is-extglob-2.1.1.tgz#a88c02535791f02ed37c76a1b9ea9773c833f8c2"
  integrity sha512-SbKbANkN603Vi4jEZv49LeVJMn4yGwsbzZworEoyEiutsN3nJYdbO36zfhGJ6QEDpOZIFkDtnq5JRxmvl3jsoQ==

is-glob@^4.0.1:
  version "4.0.3"
  resolved "https://registry.yarnpkg.com/is-glob/-/is-glob-4.0.3.tgz#64f61e42cbbb2eec2071a9dac0b28ba1e65d5084"
  integrity sha512-xelSayHH36ZgE7ZWhli7pW34hNbNl8Ojv5KVmkJD4hBdD3th8Tfk9vYasLM+mXWOZhFkgZfxhLSnrwRr4elSSg==
  dependencies:
    is-extglob "^2.1.1"

is-number@^7.0.0:
  version "7.0.0"
  resolved "https://registry.yarnpkg.com/is-number/-/is-number-7.0.0.tgz#7535345b896734d5f80c4d06c50955527a14f12b"
  integrity sha512-41Cifkg6e8TylSpdtTpeLVMqvSBEVzTttHvERD741+pnZ8ANv0004MRL43QKPDlK9cGvNp6NZWZUBlbGXYxxng==

merge2@^1.3.0:
  version "1.4.1"
  resolved "https://registry.yarnpkg.com/merge2/-/merge2-1.4.1.tgz#4368892f885e907455a6fd7dc55c0c9d404990ae"
  integrity sha512-8q7VEgMJW4J8tcfVPy8g09NcQwZdbwFEqhe/WZkoIzjn/3TGDwtOCYtXGxA3O8tPzpczCCDgv+P2P5y00ZJOOg==

micromatch@^4.0.4:
  version "4.0.5"
  resolved "https://registry.yarnpkg.com/micromatch/-/micromatch-4.0.5.tgz#bc8999a7cbbf77cdc89f132f6e467051b49090c6"
  integrity sha512-DMy+ERcEW2q8Z2Po+WNXuw3c5YaUSFjAO5GsJqfEl7UjvtIuFKO6ZrKvcItdy98dwFI2N1tg3zNIdKaQT+aNdA==
  dependencies:
    braces "^3.0.2"
    picomatch "^2.3.1"

ms@2.1.2:
  version "2.1.2"
  resolved "https://registry.yarnpkg.com/ms/-/ms-2.1.2.tgz#d09d1f357b443f493382a8eb3ccd183872ae6009"
  integrity sha512-sGkPx+VjMtmA6MX27oA4FBFELFCZZ4S4XqeGOXCv68tT+jb3vk/RyaKWP0PTKyWtmLSM0b+adUTEvbs1PEaH2w==

nan@^2.13.2:
  version "2.18.0"
  resolved "https://registry.yarnpkg.com/nan/-/nan-2.18.0.tgz#26a6faae7ffbeb293a39660e88a76b82e30b7554"
  integrity sha512-W7tfG7vMOGtD30sHoZSSc/JVYiyDPEyQVso/Zz+/uQd0B0L46gtC+pHha5FFMRpil6fm/AoEcRWyOVi4+E/f8w==

nanoid@^3.3.7:
  version "3.3.7"
  resolved "https://registry.yarnpkg.com/nanoid/-/nanoid-3.3.7.tgz#d0c301a691bc8d54efa0a2226ccf3fe2fd656bd8"
  integrity sha512-eSRppjcPIatRIMC1U6UngP8XFcz8MQWGQdt1MTBQ7NaAmvXDfvNxbvWV3x2y6CdEUciCSsDHDQZbhYaB8QEo2g==

picocolors@^1.0.0:
  version "1.0.0"
  resolved "https://registry.yarnpkg.com/picocolors/-/picocolors-1.0.0.tgz#cb5bdc74ff3f51892236eaf79d68bc44564ab81c"
  integrity sha512-1fygroTLlHu66zi26VoTDv8yRgm0Fccecssto+MhsZ0D/DGW2sm8E8AjW7NU5VVTRt5GxbeZ5qBuJr+HyLYkjQ==

picomatch@^2.3.1:
  version "2.3.1"
  resolved "https://registry.yarnpkg.com/picomatch/-/picomatch-2.3.1.tgz#3ba3833733646d9d3e4995946c1365a67fb07a42"
  integrity sha512-JU3teHTNjmE2VCGFzuY8EXzCDVwEqB2a8fsIvwaStHhAWJEeVd1o1QD80CU6+ZdEXXSLbSsuLwJjkCBWqRQUVA==

postcss@^8.4.32:
  version "8.4.33"
  resolved "https://registry.yarnpkg.com/postcss/-/postcss-8.4.33.tgz#1378e859c9f69bf6f638b990a0212f43e2aaa742"
  integrity sha512-Kkpbhhdjw2qQs2O2DGX+8m5OVqEcbB9HRBvuYM9pgrjEFUg30A9LmXNlTAUj4S9kgtGyrMbTzVjH7E+s5Re2yg==
  dependencies:
    nanoid "^3.3.7"
    picocolors "^1.0.0"
    source-map-js "^1.0.2"

queue-microtask@^1.2.2:
  version "1.2.3"
  resolved "https://registry.yarnpkg.com/queue-microtask/-/queue-microtask-1.2.3.tgz#4929228bbc724dfac43e0efb058caf7b6cfb6243"
  integrity sha512-NuaNSa6flKT5JaSYQzJok04JzTL1CA6aGhv5rfLW3PgqA+M2ChpZQnAC8h8i4ZFkBS8X5RqkDBHA7r4hej3K9A==

reusify@^1.0.4:
  version "1.0.4"
  resolved "https://registry.yarnpkg.com/reusify/-/reusify-1.0.4.tgz#90da382b1e126efc02146e90845a88db12925d76"
  integrity sha512-U9nH88a3fc/ekCF1l0/UP1IosiuIjyTh7hBvXVMHYgVcfGvt897Xguj2UOLDeI5BG2m7/uwyaLVT6fbtCwTyzw==

rollup-plugin-gzip@^3.1.0:
  version "3.1.1"
  resolved "https://registry.yarnpkg.com/rollup-plugin-gzip/-/rollup-plugin-gzip-3.1.1.tgz#b24ebc1dde5a7f16ac4918dceeab6ea6dc6a698c"
  integrity sha512-KhRH3xc5TfbOFsnW0GrmMVf3KZF8oxXY8igqz0b/9JbY4WhRARq53isQPEYlrfgc8Mx3ofXoapfAPb7zyfyBeQ==

rollup@^4.2.0:
  version "4.9.4"
  resolved "https://registry.yarnpkg.com/rollup/-/rollup-4.9.4.tgz#37bc0c09ae6b4538a9c974f4d045bb64b2e7c27c"
  integrity sha512-2ztU7pY/lrQyXSCnnoU4ICjT/tCG9cdH3/G25ERqE3Lst6vl2BCM5hL2Nw+sslAvAf+ccKsAq1SkKQALyqhR7g==
  dependencies:
    "@types/estree" "1.0.5"
  optionalDependencies:
    "@rollup/rollup-android-arm-eabi" "4.9.4"
    "@rollup/rollup-android-arm64" "4.9.4"
    "@rollup/rollup-darwin-arm64" "4.9.4"
    "@rollup/rollup-darwin-x64" "4.9.4"
    "@rollup/rollup-linux-arm-gnueabihf" "4.9.4"
    "@rollup/rollup-linux-arm64-gnu" "4.9.4"
    "@rollup/rollup-linux-arm64-musl" "4.9.4"
    "@rollup/rollup-linux-riscv64-gnu" "4.9.4"
    "@rollup/rollup-linux-x64-gnu" "4.9.4"
    "@rollup/rollup-linux-x64-musl" "4.9.4"
    "@rollup/rollup-win32-arm64-msvc" "4.9.4"
    "@rollup/rollup-win32-ia32-msvc" "4.9.4"
    "@rollup/rollup-win32-x64-msvc" "4.9.4"
    fsevents "~2.3.2"

run-parallel@^1.1.9:
  version "1.2.0"
  resolved "https://registry.yarnpkg.com/run-parallel/-/run-parallel-1.2.0.tgz#66d1368da7bdf921eb9d95bd1a9229e7f21a43ee"
  integrity sha512-5l4VyZR86LZ/lDxZTR6jqL8AFE2S0IFLMP26AbjsLVADxHdhB/c0GUsH+y39UfCi3dzz8OlQuPmnaJOMoDHQBA==
  dependencies:
    queue-microtask "^1.2.2"

source-map-js@^1.0.2:
  version "1.0.2"
  resolved "https://registry.yarnpkg.com/source-map-js/-/source-map-js-1.0.2.tgz#adbc361d9c62df380125e7f161f71c826f1e490c"
  integrity sha512-R0XvVJ9WusLiqTCEiGCmICCMplcCkIwwR11mOSD9CR5u+IXYdiseeEuXCVAjS54zqwkLcPNnmU4OeJ6tUrWhDw==

stimulus-vite-helpers@^3.0.0:
  version "3.0.1"
  resolved "https://registry.yarnpkg.com/stimulus-vite-helpers/-/stimulus-vite-helpers-3.0.1.tgz#930a3c88b01e0754d43e5250ed66f09e5ad242c8"
  integrity sha512-v8vii8wTyzbH5REE3Z6DbtKqnXEuEQ3ylYs4jQRmLAQrH9vlii7p98MG8gIii1anEEPmnBB1JWWvxKXGZh7apQ==

to-regex-range@^5.0.1:
  version "5.0.1"
  resolved "https://registry.yarnpkg.com/to-regex-range/-/to-regex-range-5.0.1.tgz#1648c44aae7c8d988a326018ed72f5b4dd0392e4"
  integrity sha512-65P7iz6X5yEr1cwcgvQxbbIw7Uk3gOy5dIdtZ4rDveLqhrdJP+Li/Hx6tyK0NEb+2GCyneCMJiGqrADCSNk8sQ==
  dependencies:
    is-number "^7.0.0"

vite-plugin-environment@^1.1.3:
  version "1.1.3"
  resolved "https://registry.yarnpkg.com/vite-plugin-environment/-/vite-plugin-environment-1.1.3.tgz#d01a04abb2f69730a4866c9c9db51d3dab74645b"
  integrity sha512-9LBhB0lx+2lXVBEWxFZC+WO7PKEyE/ykJ7EPWCq95NEcCpblxamTbs5Dm3DLBGzwODpJMEnzQywJU8fw6XGGGA==

vite-plugin-full-reload@^1.1.0:
  version "1.1.0"
  resolved "https://registry.yarnpkg.com/vite-plugin-full-reload/-/vite-plugin-full-reload-1.1.0.tgz#ca6fa32631024a459ea9e5613dd4c0ff0f3b7995"
  integrity sha512-3cObNDzX6DdfhD9E7kf6w2mNunFpD7drxyNgHLw+XwIYAgb+Xt16SEXo0Up4VH+TMf3n+DSVJZtW2POBGcBYAA==
  dependencies:
    picocolors "^1.0.0"
    picomatch "^2.3.1"

vite-plugin-manifest-sri@^0.2.0:
  version "0.2.0"
  resolved "https://registry.yarnpkg.com/vite-plugin-manifest-sri/-/vite-plugin-manifest-sri-0.2.0.tgz#cb1cfd11692ee81f5d1194926cbea6d3a38b8599"
  integrity sha512-Zt5jt19xTIJ91LOuQTCtNG7rTFc5OziAjBz2H5NdCGqaOD1nxrWExLhcKW+W4/q8/jOPCg/n5ncYEQmqCxiGQQ==

vite-plugin-rails@^0.5.0:
  version "0.5.0"
  resolved "https://registry.yarnpkg.com/vite-plugin-rails/-/vite-plugin-rails-0.5.0.tgz#fe29827b6f42abbc6e6537748963bb93871f468c"
  integrity sha512-PR3zTHW96X8c7dRsuL2Mu1EAXXeO8fQjQ2KanwIC7EWgBST+D8AKjJyEUAr13IakrIYvd1cM3LcQUcrKmCMePg==
  dependencies:
    rollup-plugin-gzip "^3.1.0"
    vite-plugin-environment "^1.1.3"
    vite-plugin-full-reload "^1.1.0"
    vite-plugin-manifest-sri "^0.2.0"
    vite-plugin-ruby "^5.0.0"
    vite-plugin-stimulus-hmr "^3.0.0"

vite-plugin-ruby@^5.0.0:
  version "5.0.0"
  resolved "https://registry.yarnpkg.com/vite-plugin-ruby/-/vite-plugin-ruby-5.0.0.tgz#cd891198a7672f2e8402439f53ab9d2b08f6502d"
  integrity sha512-c8PjTp21Ah/ttgnNUyu0qvCXZI08Jr9I24oUKg3TRIRhF5GcOZ++6wtlTCrNFd9COEQbpXHxlRIXd/MEg0iZJw==
  dependencies:
    debug "^4.3.4"
    fast-glob "^3.3.2"

vite-plugin-stimulus-hmr@^3.0.0:
  version "3.0.0"
  resolved "https://registry.yarnpkg.com/vite-plugin-stimulus-hmr/-/vite-plugin-stimulus-hmr-3.0.0.tgz#60410a69486e86a8c1a769fe4b10039ac5f8d910"
  integrity sha512-KElOiZOlaG4XilQQHrzK8M1u5UfK4EFfADJKQYbnmsUMifDOnPR6anVYgHAN95QyWJ67Q/rYWe5BB9M5OxocfQ==
  dependencies:
    debug "^4.3"
    stimulus-vite-helpers "^3.0.0"

vite@^5.0.0:
  version "5.0.11"
  resolved "https://registry.yarnpkg.com/vite/-/vite-5.0.11.tgz#31562e41e004cb68e1d51f5d2c641ab313b289e4"
  integrity sha512-XBMnDjZcNAw/G1gEiskiM1v6yzM4GE5aMGvhWTlHAYYhxb7S3/V1s3m2LDHa8Vh6yIWYYB0iJwsEaS523c4oYA==
  dependencies:
    esbuild "^0.19.3"
    postcss "^8.4.32"
    rollup "^4.2.0"
  optionalDependencies:
    fsevents "~2.3.3"

xterm@^5.3.0:
  version "5.3.0"
  resolved "https://registry.yarnpkg.com/xterm/-/xterm-5.3.0.tgz#867daf9cc826f3d45b5377320aabd996cb0fce46"
  integrity sha512-8QqjlekLUFTrU6x7xck1MsPzPA571K5zNqWm0M0oroYEWVOptZ0+ubQSkQ3uxIEhcIHRujJy6emDWX4A7qyFzg==
